
Microsoft Visual Studio Solution File, Format Version 12.00
# Visual Studio Version 17
VisualStudioVersion = 17.8.34316.72
MinimumVisualStudioVersion = 10.0.40219.1
Project("{888888A0-9F3D-457C-B088-3A5042F75D52}") = "Game-of-life", "Game-of-life\Game-of-life.pyproj", "{31939427-54D5-419E-878E-64B1937168EC}"
EndProject
Global
	GlobalSection(SolutionConfigurationPlatforms) = preSolution
		Debug|Any CPU = Debug|Any CPU
		Release|Any CPU = Release|Any CPU
	EndGlobalSection
	GlobalSection(ProjectConfigurationPlatforms) = postSolution
		{31939427-54D5-419E-878E-64B1937168EC}.Debug|Any CPU.ActiveCfg = Debug|Any CPU
		{31939427-54D5-419E-878E-64B1937168EC}.Release|Any CPU.ActiveCfg = Release|Any CPU
	EndGlobalSection
	GlobalSection(SolutionProperties) = preSolution
		HideSolutionNode = FALSE
	EndGlobalSection
	GlobalSection(ExtensibilityGlobals) = postSolution
		SolutionGuid = {3B67FAE9-B19D-41AF-B0C9-6BDF2A54D742}
	EndGlobalSection
EndGlobal
